# This file is automatically @generated by Cargo.
# It is not intended for manual editing.
version = 4

[[package]]
name = "calculus"
version = "0.1.0"

[[package]]
name = "parser"
version = "0.1.0"
dependencies = [
 "calculus",
]

[[package]]
name = "vecli"
version = "0.1.0"
dependencies = [
 "calculus",
 "parser",
]
